
Microsoft Visual Studio Solution File, Format Version 12.00
# Visual Studio Version 16
VisualStudioVersion = 16.0.30309.148
MinimumVisualStudioVersion = 10.0.40219.1
Project("{FAE04EC0-301F-11D3-BF4B-00C04F79EFBC}") = "ok_ve_yay_oyunu", "Enes_proje\ok_ve_yay_oyunu.csproj", "{32B0894E-DC54-44A9-A22A-31D3D0C61579}"
EndProject
Global
	GlobalSection(SolutionConfigurationPlatforms) = preSolution
		Debug|Any CPU = Debug|Any CPU
		Release|Any CPU = Release|Any CPU
	EndGlobalSection
	GlobalSection(ProjectConfigurationPlatforms) = postSolution
		{32B0894E-DC54-44A9-A22A-31D3D0C61579}.Debug|Any CPU.ActiveCfg = Debug|Any CPU
		{32B0894E-DC54-44A9-A22A-31D3D0C61579}.Debug|Any CPU.Build.0 = Debug|Any CPU
		{32B0894E-DC54-44A9-A22A-31D3D0C61579}.Release|Any CPU.ActiveCfg = Release|Any CPU
		{32B0894E-DC54-44A9-A22A-31D3D0C61579}.Release|Any CPU.Build.0 = Release|Any CPU
	EndGlobalSection
	GlobalSection(SolutionProperties) = preSolution
		HideSolutionNode = FALSE
	EndGlobalSection
	GlobalSection(ExtensibilityGlobals) = postSolution
		SolutionGuid = {7F04D5B7-7DEF-498E-B72F-A50494FBFAEE}
	EndGlobalSection
EndGlobal
